
Microsoft Visual Studio Solution File, Format Version 12.00
# Visual Studio Version 17
VisualStudioVersion = 17.9.34714.143
MinimumVisualStudioVersion = 10.0.40219.1
Project("{FAE04EC0-301F-11D3-BF4B-00C04F79EFBC}") = "Question1", "Question1\Question1.csproj", "{21C9AA75-F7EB-41F3-BE54-40179E7124C7}"
EndProject
Project("{FAE04EC0-301F-11D3-BF4B-00C04F79EFBC}") = "Question2", "Question2\Question2.csproj", "{DAEDF84F-71C3-4052-A217-FA2311E7D471}"
EndProject
Project("{FAE04EC0-301F-11D3-BF4B-00C04F79EFBC}") = "Question5", "Question5\Question5.csproj", "{7F0CFA6E-1986-4A33-A798-B3F986D7251A}"
EndProject
Project("{FAE04EC0-301F-11D3-BF4B-00C04F79EFBC}") = "Question6", "Question6\Question6.csproj", "{B5EE801C-09F7-4BC7-B62C-179A82B63F79}"
EndProject
Project("{FAE04EC0-301F-11D3-BF4B-00C04F79EFBC}") = "Question12", "Question12\Question12.csproj", "{15835A21-9A66-4A24-B50F-DE22012B6C42}"
EndProject
Project("{FAE04EC0-301F-11D3-BF4B-00C04F79EFBC}") = "Question15", "Question15\Question15.csproj", "{9B5C99A5-7305-41D8-95D6-CE98AE165BB7}"
EndProject
Project("{FAE04EC0-301F-11D3-BF4B-00C04F79EFBC}") = "Question17", "Question17\Question17.csproj", "{DFE1EE1D-C62A-4D64-8675-333BDA5F77DE}"
EndProject
Project("{FAE04EC0-301F-11D3-BF4B-00C04F79EFBC}") = "Question18", "Question18\Question18.csproj", "{BAECE34D-540C-46F5-B888-733C4FFF7820}"
EndProject
Project("{FAE04EC0-301F-11D3-BF4B-00C04F79EFBC}") = "Question23", "Question23\Question23.csproj", "{220464F6-F493-4B32-99BB-295C7FBC96FE}"
EndProject
Project("{FAE04EC0-301F-11D3-BF4B-00C04F79EFBC}") = "Question24", "Question24\Question24.csproj", "{B11EE557-2718-460C-8F0D-ABFF1FBBF693}"
EndProject
Project("{FAE04EC0-301F-11D3-BF4B-00C04F79EFBC}") = "Question27", "Question27\Question27.csproj", "{EACAF619-1E99-41D1-8948-479EC6C8DC0A}"
EndProject
Project("{FAE04EC0-301F-11D3-BF4B-00C04F79EFBC}") = "Question32", "Question32\Question32.csproj", "{B92775C1-574D-4BDB-9D74-44694C9CC6F0}"
EndProject
Project("{FAE04EC0-301F-11D3-BF4B-00C04F79EFBC}") = "Question34", "Question34\Question34.csproj", "{E3742E31-A3D9-4B5E-9294-FD3159EDA1C2}"
EndProject
Project("{FAE04EC0-301F-11D3-BF4B-00C04F79EFBC}") = "Question42", "Question42\Question42.csproj", "{7E3B5589-6A0B-44E3-85C3-F553D5DC115F}"
EndProject
Project("{FAE04EC0-301F-11D3-BF4B-00C04F79EFBC}") = "Question46", "Question46\Question46.csproj", "{A99ACAB6-5F67-4367-A262-53AAC039FDC7}"
EndProject
Project("{FAE04EC0-301F-11D3-BF4B-00C04F79EFBC}") = "Question58", "Question58\Question58.csproj", "{571722C3-DE2B-4A7D-A6F6-A635F6895B4B}"
EndProject
Project("{FAE04EC0-301F-11D3-BF4B-00C04F79EFBC}") = "Question59", "Question59\Question59.csproj", "{5E952986-B378-4FDF-AD3D-C841C188A438}"
EndProject
Project("{FAE04EC0-301F-11D3-BF4B-00C04F79EFBC}") = "Question61", "Question61\Question61.csproj", "{010B8639-D933-4CC6-997C-B3400AE07EFC}"
EndProject
Project("{FAE04EC0-301F-11D3-BF4B-00C04F79EFBC}") = "Question93", "Question93\Question93.csproj", "{BF31D2AD-2F4E-4BEA-869A-73887D4C42E8}"
EndProject
Project("{FAE04EC0-301F-11D3-BF4B-00C04F79EFBC}") = "Question99", "Question99\Question99.csproj", "{2ABA7EA8-98B6-4CF1-A8C5-B059BC9FEDBD}"
EndProject
Global
	GlobalSection(SolutionConfigurationPlatforms) = preSolution
		Debug|Any CPU = Debug|Any CPU
		Release|Any CPU = Release|Any CPU
	EndGlobalSection
	GlobalSection(ProjectConfigurationPlatforms) = postSolution
		{21C9AA75-F7EB-41F3-BE54-40179E7124C7}.Debug|Any CPU.ActiveCfg = Debug|Any CPU
		{21C9AA75-F7EB-41F3-BE54-40179E7124C7}.Debug|Any CPU.Build.0 = Debug|Any CPU
		{21C9AA75-F7EB-41F3-BE54-40179E7124C7}.Release|Any CPU.ActiveCfg = Release|Any CPU
		{21C9AA75-F7EB-41F3-BE54-40179E7124C7}.Release|Any CPU.Build.0 = Release|Any CPU
		{DAEDF84F-71C3-4052-A217-FA2311E7D471}.Debug|Any CPU.ActiveCfg = Debug|Any CPU
		{DAEDF84F-71C3-4052-A217-FA2311E7D471}.Debug|Any CPU.Build.0 = Debug|Any CPU
		{DAEDF84F-71C3-4052-A217-FA2311E7D471}.Release|Any CPU.ActiveCfg = Release|Any CPU
		{DAEDF84F-71C3-4052-A217-FA2311E7D471}.Release|Any CPU.Build.0 = Release|Any CPU
		{7F0CFA6E-1986-4A33-A798-B3F986D7251A}.Debug|Any CPU.ActiveCfg = Debug|Any CPU
		{7F0CFA6E-1986-4A33-A798-B3F986D7251A}.Debug|Any CPU.Build.0 = Debug|Any CPU
		{7F0CFA6E-1986-4A33-A798-B3F986D7251A}.Release|Any CPU.ActiveCfg = Release|Any CPU
		{7F0CFA6E-1986-4A33-A798-B3F986D7251A}.Release|Any CPU.Build.0 = Release|Any CPU
		{B5EE801C-09F7-4BC7-B62C-179A82B63F79}.Debug|Any CPU.ActiveCfg = Debug|Any CPU
		{B5EE801C-09F7-4BC7-B62C-179A82B63F79}.Debug|Any CPU.Build.0 = Debug|Any CPU
		{B5EE801C-09F7-4BC7-B62C-179A82B63F79}.Release|Any CPU.ActiveCfg = Release|Any CPU
		{B5EE801C-09F7-4BC7-B62C-179A82B63F79}.Release|Any CPU.Build.0 = Release|Any CPU
		{15835A21-9A66-4A24-B50F-DE22012B6C42}.Debug|Any CPU.ActiveCfg = Debug|Any CPU
		{15835A21-9A66-4A24-B50F-DE22012B6C42}.Debug|Any CPU.Build.0 = Debug|Any CPU
		{15835A21-9A66-4A24-B50F-DE22012B6C42}.Release|Any CPU.ActiveCfg = Release|Any CPU
		{15835A21-9A66-4A24-B50F-DE22012B6C42}.Release|Any CPU.Build.0 = Release|Any CPU
		{9B5C99A5-7305-41D8-95D6-CE98AE165BB7}.Debug|Any CPU.ActiveCfg = Debug|Any CPU
		{9B5C99A5-7305-41D8-95D6-CE98AE165BB7}.Debug|Any CPU.Build.0 = Debug|Any CPU
		{9B5C99A5-7305-41D8-95D6-CE98AE165BB7}.Release|Any CPU.ActiveCfg = Release|Any CPU
		{9B5C99A5-7305-41D8-95D6-CE98AE165BB7}.Release|Any CPU.Build.0 = Release|Any CPU
		{DFE1EE1D-C62A-4D64-8675-333BDA5F77DE}.Debug|Any CPU.ActiveCfg = Debug|Any CPU
		{DFE1EE1D-C62A-4D64-8675-333BDA5F77DE}.Debug|Any CPU.Build.0 = Debug|Any CPU
		{DFE1EE1D-C62A-4D64-8675-333BDA5F77DE}.Release|Any CPU.ActiveCfg = Release|Any CPU
		{DFE1EE1D-C62A-4D64-8675-333BDA5F77DE}.Release|Any CPU.Build.0 = Release|Any CPU
		{BAECE34D-540C-46F5-B888-733C4FFF7820}.Debug|Any CPU.ActiveCfg = Debug|Any CPU
		{BAECE34D-540C-46F5-B888-733C4FFF7820}.Debug|Any CPU.Build.0 = Debug|Any CPU
		{BAECE34D-540C-46F5-B888-733C4FFF7820}.Release|Any CPU.ActiveCfg = Release|Any CPU
		{BAECE34D-540C-46F5-B888-733C4FFF7820}.Release|Any CPU.Build.0 = Release|Any CPU
		{220464F6-F493-4B32-99BB-295C7FBC96FE}.Debug|Any CPU.ActiveCfg = Debug|Any CPU
		{220464F6-F493-4B32-99BB-295C7FBC96FE}.Debug|Any CPU.Build.0 = Debug|Any CPU
		{220464F6-F493-4B32-99BB-295C7FBC96FE}.Release|Any CPU.ActiveCfg = Release|Any CPU
		{220464F6-F493-4B32-99BB-295C7FBC96FE}.Release|Any CPU.Build.0 = Release|Any CPU
		{B11EE557-2718-460C-8F0D-ABFF1FBBF693}.Debug|Any CPU.ActiveCfg = Debug|Any CPU
		{B11EE557-2718-460C-8F0D-ABFF1FBBF693}.Debug|Any CPU.Build.0 = Debug|Any CPU
		{B11EE557-2718-460C-8F0D-ABFF1FBBF693}.Release|Any CPU.ActiveCfg = Release|Any CPU
		{B11EE557-2718-460C-8F0D-ABFF1FBBF693}.Release|Any CPU.Build.0 = Release|Any CPU
		{EACAF619-1E99-41D1-8948-479EC6C8DC0A}.Debug|Any CPU.ActiveCfg = Debug|Any CPU
		{EACAF619-1E99-41D1-8948-479EC6C8DC0A}.Debug|Any CPU.Build.0 = Debug|Any CPU
		{EACAF619-1E99-41D1-8948-479EC6C8DC0A}.Release|Any CPU.ActiveCfg = Release|Any CPU
		{EACAF619-1E99-41D1-8948-479EC6C8DC0A}.Release|Any CPU.Build.0 = Release|Any CPU
		{B92775C1-574D-4BDB-9D74-44694C9CC6F0}.Debug|Any CPU.ActiveCfg = Debug|Any CPU
		{B92775C1-574D-4BDB-9D74-44694C9CC6F0}.Debug|Any CPU.Build.0 = Debug|Any CPU
		{B92775C1-574D-4BDB-9D74-44694C9CC6F0}.Release|Any CPU.ActiveCfg = Release|Any CPU
		{B92775C1-574D-4BDB-9D74-44694C9CC6F0}.Release|Any CPU.Build.0 = Release|Any CPU
		{E3742E31-A3D9-4B5E-9294-FD3159EDA1C2}.Debug|Any CPU.ActiveCfg = Debug|Any CPU
		{E3742E31-A3D9-4B5E-9294-FD3159EDA1C2}.Debug|Any CPU.Build.0 = Debug|Any CPU
		{E3742E31-A3D9-4B5E-9294-FD3159EDA1C2}.Release|Any CPU.ActiveCfg = Release|Any CPU
		{E3742E31-A3D9-4B5E-9294-FD3159EDA1C2}.Release|Any CPU.Build.0 = Release|Any CPU
		{7E3B5589-6A0B-44E3-85C3-F553D5DC115F}.Debug|Any CPU.ActiveCfg = Debug|Any CPU
		{7E3B5589-6A0B-44E3-85C3-F553D5DC115F}.Debug|Any CPU.Build.0 = Debug|Any CPU
		{7E3B5589-6A0B-44E3-85C3-F553D5DC115F}.Release|Any CPU.ActiveCfg = Release|Any CPU
		{7E3B5589-6A0B-44E3-85C3-F553D5DC115F}.Release|Any CPU.Build.0 = Release|Any CPU
		{A99ACAB6-5F67-4367-A262-53AAC039FDC7}.Debug|Any CPU.ActiveCfg = Debug|Any CPU
		{A99ACAB6-5F67-4367-A262-53AAC039FDC7}.Debug|Any CPU.Build.0 = Debug|Any CPU
		{A99ACAB6-5F67-4367-A262-53AAC039FDC7}.Release|Any CPU.ActiveCfg = Release|Any CPU
		{A99ACAB6-5F67-4367-A262-53AAC039FDC7}.Release|Any CPU.Build.0 = Release|Any CPU
		{571722C3-DE2B-4A7D-A6F6-A635F6895B4B}.Debug|Any CPU.ActiveCfg = Debug|Any CPU
		{571722C3-DE2B-4A7D-A6F6-A635F6895B4B}.Debug|Any CPU.Build.0 = Debug|Any CPU
		{571722C3-DE2B-4A7D-A6F6-A635F6895B4B}.Release|Any CPU.ActiveCfg = Release|Any CPU
		{571722C3-DE2B-4A7D-A6F6-A635F6895B4B}.Release|Any CPU.Build.0 = Release|Any CPU
		{5E952986-B378-4FDF-AD3D-C841C188A438}.Debug|Any CPU.ActiveCfg = Debug|Any CPU
		{5E952986-B378-4FDF-AD3D-C841C188A438}.Debug|Any CPU.Build.0 = Debug|Any CPU
		{5E952986-B378-4FDF-AD3D-C841C188A438}.Release|Any CPU.ActiveCfg = Release|Any CPU
		{5E952986-B378-4FDF-AD3D-C841C188A438}.Release|Any CPU.Build.0 = Release|Any CPU
		{010B8639-D933-4CC6-997C-B3400AE07EFC}.Debug|Any CPU.ActiveCfg = Debug|Any CPU
		{010B8639-D933-4CC6-997C-B3400AE07EFC}.Debug|Any CPU.Build.0 = Debug|Any CPU
		{010B8639-D933-4CC6-997C-B3400AE07EFC}.Release|Any CPU.ActiveCfg = Release|Any CPU
		{010B8639-D933-4CC6-997C-B3400AE07EFC}.Release|Any CPU.Build.0 = Release|Any CPU
		{BF31D2AD-2F4E-4BEA-869A-73887D4C42E8}.Debug|Any CPU.ActiveCfg = Debug|Any CPU
		{BF31D2AD-2F4E-4BEA-869A-73887D4C42E8}.Debug|Any CPU.Build.0 = Debug|Any CPU
		{BF31D2AD-2F4E-4BEA-869A-73887D4C42E8}.Release|Any CPU.ActiveCfg = Release|Any CPU
		{BF31D2AD-2F4E-4BEA-869A-73887D4C42E8}.Release|Any CPU.Build.0 = Release|Any CPU
		{2ABA7EA8-98B6-4CF1-A8C5-B059BC9FEDBD}.Debug|Any CPU.ActiveCfg = Debug|Any CPU
		{2ABA7EA8-98B6-4CF1-A8C5-B059BC9FEDBD}.Debug|Any CPU.Build.0 = Debug|Any CPU
		{2ABA7EA8-98B6-4CF1-A8C5-B059BC9FEDBD}.Release|Any CPU.ActiveCfg = Release|Any CPU
		{2ABA7EA8-98B6-4CF1-A8C5-B059BC9FEDBD}.Release|Any CPU.Build.0 = Release|Any CPU
	EndGlobalSection
	GlobalSection(SolutionProperties) = preSolution
		HideSolutionNode = FALSE
	EndGlobalSection
	GlobalSection(ExtensibilityGlobals) = postSolution
		SolutionGuid = {E416E903-E95E-40FD-9314-E36AC373C763}
	EndGlobalSection
EndGlobal
