
Microsoft Visual Studio Solution File, Format Version 12.00
# Visual Studio Version 17
VisualStudioVersion = 17.9.34714.143
MinimumVisualStudioVersion = 10.0.40219.1
Project("{FAE04EC0-301F-11D3-BF4B-00C04F79EFBC}") = "Question1", "Basic\Question1.csproj", "{7ABFF231-841A-4E3A-A3C4-B84CE85A97D6}"
EndProject
Project("{9A19103F-16F7-4668-BE54-9A1E7A4F7556}") = "Question2", "Question2\Question2.csproj", "{F3A43C73-622A-4278-867E-1A670F9B7931}"
EndProject
Project("{9A19103F-16F7-4668-BE54-9A1E7A4F7556}") = "Question3", "Question3\Question3.csproj", "{FA98E8CE-A5C6-469E-A30A-95BE344D084D}"
EndProject
Project("{9A19103F-16F7-4668-BE54-9A1E7A4F7556}") = "Question4", "Question4\Question4.csproj", "{C1FB07F0-3AAA-4F60-B9D0-2FB99ED57CF7}"
EndProject
Project("{9A19103F-16F7-4668-BE54-9A1E7A4F7556}") = "Question5", "Question5\Question5.csproj", "{E063BC4D-829F-4996-997A-46DD45EC7CB5}"
EndProject
Project("{9A19103F-16F7-4668-BE54-9A1E7A4F7556}") = "Question6", "Question6\Question6.csproj", "{A44B041A-EDE2-44E1-8D23-D9607CD335EC}"
EndProject
Project("{9A19103F-16F7-4668-BE54-9A1E7A4F7556}") = "Question7", "Question7\Question7.csproj", "{1A255B44-CEC4-4DCF-9B10-61B550645AFF}"
EndProject
Project("{9A19103F-16F7-4668-BE54-9A1E7A4F7556}") = "Question8", "Question8\Question8.csproj", "{267ADD72-1C02-4CFA-B138-EA1A9EB72510}"
EndProject
Project("{9A19103F-16F7-4668-BE54-9A1E7A4F7556}") = "Question9", "Question9\Question9.csproj", "{3503F86B-B185-4FE4-81D8-0F6AD43F8436}"
EndProject
Project("{9A19103F-16F7-4668-BE54-9A1E7A4F7556}") = "Question10", "Question10\Question10.csproj", "{BBD73ED9-3B1B-4768-B5F2-B44322DF29F4}"
EndProject
Project("{9A19103F-16F7-4668-BE54-9A1E7A4F7556}") = "Question11", "Question11\Question11.csproj", "{0F899B8F-D70B-4C67-B763-3F40BD5A3AA5}"
EndProject
Project("{9A19103F-16F7-4668-BE54-9A1E7A4F7556}") = "Question12", "Question12\Question12.csproj", "{E46FE9A0-B61F-4FE3-9B04-8FA08365B144}"
EndProject
Project("{9A19103F-16F7-4668-BE54-9A1E7A4F7556}") = "Question13", "Question13\Question13.csproj", "{C347B6B8-8EDF-47CD-8864-E8548FDC5107}"
EndProject
Project("{9A19103F-16F7-4668-BE54-9A1E7A4F7556}") = "Question14", "Question14\Question14.csproj", "{787B8C50-3F89-45D1-A420-AB1988B14F05}"
EndProject
Project("{9A19103F-16F7-4668-BE54-9A1E7A4F7556}") = "Question15", "Question15\Question15.csproj", "{C2796F8D-8F8D-4F4D-A9D8-FD36A6157A43}"
EndProject
Project("{9A19103F-16F7-4668-BE54-9A1E7A4F7556}") = "Question16", "Question16\Question16.csproj", "{4C62F178-DB68-436F-AEA5-304A041D937C}"
EndProject
Project("{9A19103F-16F7-4668-BE54-9A1E7A4F7556}") = "Question17", "Question17\Question17.csproj", "{095A7CBA-9BB8-4B5E-A034-EFD465F38D84}"
EndProject
Project("{9A19103F-16F7-4668-BE54-9A1E7A4F7556}") = "Question18", "Question18\Question18.csproj", "{82C886A2-D72C-4B3F-B3D8-7EEE16C7D4AA}"
EndProject
Project("{9A19103F-16F7-4668-BE54-9A1E7A4F7556}") = "Question19", "Question19\Question19.csproj", "{2067721D-9BCE-4664-90B7-B99C81841762}"
EndProject
Project("{9A19103F-16F7-4668-BE54-9A1E7A4F7556}") = "Question20", "Question20\Question20.csproj", "{B889A3F8-E5EA-44CB-A78B-51E6D01B7E9E}"
EndProject
Project("{9A19103F-16F7-4668-BE54-9A1E7A4F7556}") = "Question21", "Question21\Question21.csproj", "{B05CE593-B016-4D10-8FB3-0CA1068336FB}"
EndProject
Project("{FAE04EC0-301F-11D3-BF4B-00C04F79EFBC}") = "Question23", "Question23\Question23.csproj", "{311002A5-213A-4A9A-A23E-200ADA5E1606}"
EndProject
Project("{FAE04EC0-301F-11D3-BF4B-00C04F79EFBC}") = "Question24", "Question24\Question24.csproj", "{8F46A991-E9AC-4343-8DD5-3F1F58E909B4}"
EndProject
Project("{FAE04EC0-301F-11D3-BF4B-00C04F79EFBC}") = "Question28", "Question28\Question28.csproj", "{AFB9C0B2-A818-4610-889A-7ABA09E78716}"
EndProject
Project("{FAE04EC0-301F-11D3-BF4B-00C04F79EFBC}") = "Question31", "Question31\Question31.csproj", "{B05BC6EE-8AE8-4B80-9C1A-FF93E6F15A78}"
EndProject
Project("{FAE04EC0-301F-11D3-BF4B-00C04F79EFBC}") = "Question34", "Question34\Question34.csproj", "{4D1157C4-C011-40BB-8767-38435CE49A7E}"
EndProject
Project("{FAE04EC0-301F-11D3-BF4B-00C04F79EFBC}") = "Question41", "Question41\Question41.csproj", "{C26935E8-CEE7-4364-B3F6-E78BA108C49A}"
EndProject
Project("{FAE04EC0-301F-11D3-BF4B-00C04F79EFBC}") = "Question83", "Question83\Question83.csproj", "{F656E2AB-0FBE-4ABC-95D0-3D68ACF0BB71}"
EndProject
Project("{FAE04EC0-301F-11D3-BF4B-00C04F79EFBC}") = "Question85", "Question85\Question85.csproj", "{7A04DC11-D78A-4534-B914-80E96001B3D9}"
EndProject
Project("{FAE04EC0-301F-11D3-BF4B-00C04F79EFBC}") = "Question102", "Question102\Question102.csproj", "{040A1069-139C-4831-BEE4-D6F190E231D1}"
EndProject
Global
	GlobalSection(SolutionConfigurationPlatforms) = preSolution
		Debug|Any CPU = Debug|Any CPU
		Release|Any CPU = Release|Any CPU
	EndGlobalSection
	GlobalSection(ProjectConfigurationPlatforms) = postSolution
		{7ABFF231-841A-4E3A-A3C4-B84CE85A97D6}.Debug|Any CPU.ActiveCfg = Debug|Any CPU
		{7ABFF231-841A-4E3A-A3C4-B84CE85A97D6}.Debug|Any CPU.Build.0 = Debug|Any CPU
		{7ABFF231-841A-4E3A-A3C4-B84CE85A97D6}.Release|Any CPU.ActiveCfg = Release|Any CPU
		{7ABFF231-841A-4E3A-A3C4-B84CE85A97D6}.Release|Any CPU.Build.0 = Release|Any CPU
		{F3A43C73-622A-4278-867E-1A670F9B7931}.Debug|Any CPU.ActiveCfg = Debug|Any CPU
		{F3A43C73-622A-4278-867E-1A670F9B7931}.Debug|Any CPU.Build.0 = Debug|Any CPU
		{F3A43C73-622A-4278-867E-1A670F9B7931}.Release|Any CPU.ActiveCfg = Release|Any CPU
		{F3A43C73-622A-4278-867E-1A670F9B7931}.Release|Any CPU.Build.0 = Release|Any CPU
		{FA98E8CE-A5C6-469E-A30A-95BE344D084D}.Debug|Any CPU.ActiveCfg = Debug|Any CPU
		{FA98E8CE-A5C6-469E-A30A-95BE344D084D}.Debug|Any CPU.Build.0 = Debug|Any CPU
		{FA98E8CE-A5C6-469E-A30A-95BE344D084D}.Release|Any CPU.ActiveCfg = Release|Any CPU
		{FA98E8CE-A5C6-469E-A30A-95BE344D084D}.Release|Any CPU.Build.0 = Release|Any CPU
		{C1FB07F0-3AAA-4F60-B9D0-2FB99ED57CF7}.Debug|Any CPU.ActiveCfg = Debug|Any CPU
		{C1FB07F0-3AAA-4F60-B9D0-2FB99ED57CF7}.Debug|Any CPU.Build.0 = Debug|Any CPU
		{C1FB07F0-3AAA-4F60-B9D0-2FB99ED57CF7}.Release|Any CPU.ActiveCfg = Release|Any CPU
		{C1FB07F0-3AAA-4F60-B9D0-2FB99ED57CF7}.Release|Any CPU.Build.0 = Release|Any CPU
		{E063BC4D-829F-4996-997A-46DD45EC7CB5}.Debug|Any CPU.ActiveCfg = Debug|Any CPU
		{E063BC4D-829F-4996-997A-46DD45EC7CB5}.Debug|Any CPU.Build.0 = Debug|Any CPU
		{E063BC4D-829F-4996-997A-46DD45EC7CB5}.Release|Any CPU.ActiveCfg = Release|Any CPU
		{E063BC4D-829F-4996-997A-46DD45EC7CB5}.Release|Any CPU.Build.0 = Release|Any CPU
		{A44B041A-EDE2-44E1-8D23-D9607CD335EC}.Debug|Any CPU.ActiveCfg = Debug|Any CPU
		{A44B041A-EDE2-44E1-8D23-D9607CD335EC}.Debug|Any CPU.Build.0 = Debug|Any CPU
		{A44B041A-EDE2-44E1-8D23-D9607CD335EC}.Release|Any CPU.ActiveCfg = Release|Any CPU
		{A44B041A-EDE2-44E1-8D23-D9607CD335EC}.Release|Any CPU.Build.0 = Release|Any CPU
		{1A255B44-CEC4-4DCF-9B10-61B550645AFF}.Debug|Any CPU.ActiveCfg = Debug|Any CPU
		{1A255B44-CEC4-4DCF-9B10-61B550645AFF}.Debug|Any CPU.Build.0 = Debug|Any CPU
		{1A255B44-CEC4-4DCF-9B10-61B550645AFF}.Release|Any CPU.ActiveCfg = Release|Any CPU
		{1A255B44-CEC4-4DCF-9B10-61B550645AFF}.Release|Any CPU.Build.0 = Release|Any CPU
		{267ADD72-1C02-4CFA-B138-EA1A9EB72510}.Debug|Any CPU.ActiveCfg = Debug|Any CPU
		{267ADD72-1C02-4CFA-B138-EA1A9EB72510}.Debug|Any CPU.Build.0 = Debug|Any CPU
		{267ADD72-1C02-4CFA-B138-EA1A9EB72510}.Release|Any CPU.ActiveCfg = Release|Any CPU
		{267ADD72-1C02-4CFA-B138-EA1A9EB72510}.Release|Any CPU.Build.0 = Release|Any CPU
		{3503F86B-B185-4FE4-81D8-0F6AD43F8436}.Debug|Any CPU.ActiveCfg = Debug|Any CPU
		{3503F86B-B185-4FE4-81D8-0F6AD43F8436}.Debug|Any CPU.Build.0 = Debug|Any CPU
		{3503F86B-B185-4FE4-81D8-0F6AD43F8436}.Release|Any CPU.ActiveCfg = Release|Any CPU
		{3503F86B-B185-4FE4-81D8-0F6AD43F8436}.Release|Any CPU.Build.0 = Release|Any CPU
		{BBD73ED9-3B1B-4768-B5F2-B44322DF29F4}.Debug|Any CPU.ActiveCfg = Debug|Any CPU
		{BBD73ED9-3B1B-4768-B5F2-B44322DF29F4}.Debug|Any CPU.Build.0 = Debug|Any CPU
		{BBD73ED9-3B1B-4768-B5F2-B44322DF29F4}.Release|Any CPU.ActiveCfg = Release|Any CPU
		{BBD73ED9-3B1B-4768-B5F2-B44322DF29F4}.Release|Any CPU.Build.0 = Release|Any CPU
		{0F899B8F-D70B-4C67-B763-3F40BD5A3AA5}.Debug|Any CPU.ActiveCfg = Debug|Any CPU
		{0F899B8F-D70B-4C67-B763-3F40BD5A3AA5}.Debug|Any CPU.Build.0 = Debug|Any CPU
		{0F899B8F-D70B-4C67-B763-3F40BD5A3AA5}.Release|Any CPU.ActiveCfg = Release|Any CPU
		{0F899B8F-D70B-4C67-B763-3F40BD5A3AA5}.Release|Any CPU.Build.0 = Release|Any CPU
		{E46FE9A0-B61F-4FE3-9B04-8FA08365B144}.Debug|Any CPU.ActiveCfg = Debug|Any CPU
		{E46FE9A0-B61F-4FE3-9B04-8FA08365B144}.Debug|Any CPU.Build.0 = Debug|Any CPU
		{E46FE9A0-B61F-4FE3-9B04-8FA08365B144}.Release|Any CPU.ActiveCfg = Release|Any CPU
		{E46FE9A0-B61F-4FE3-9B04-8FA08365B144}.Release|Any CPU.Build.0 = Release|Any CPU
		{C347B6B8-8EDF-47CD-8864-E8548FDC5107}.Debug|Any CPU.ActiveCfg = Debug|Any CPU
		{C347B6B8-8EDF-47CD-8864-E8548FDC5107}.Debug|Any CPU.Build.0 = Debug|Any CPU
		{C347B6B8-8EDF-47CD-8864-E8548FDC5107}.Release|Any CPU.ActiveCfg = Release|Any CPU
		{C347B6B8-8EDF-47CD-8864-E8548FDC5107}.Release|Any CPU.Build.0 = Release|Any CPU
		{787B8C50-3F89-45D1-A420-AB1988B14F05}.Debug|Any CPU.ActiveCfg = Debug|Any CPU
		{787B8C50-3F89-45D1-A420-AB1988B14F05}.Debug|Any CPU.Build.0 = Debug|Any CPU
		{787B8C50-3F89-45D1-A420-AB1988B14F05}.Release|Any CPU.ActiveCfg = Release|Any CPU
		{787B8C50-3F89-45D1-A420-AB1988B14F05}.Release|Any CPU.Build.0 = Release|Any CPU
		{C2796F8D-8F8D-4F4D-A9D8-FD36A6157A43}.Debug|Any CPU.ActiveCfg = Debug|Any CPU
		{C2796F8D-8F8D-4F4D-A9D8-FD36A6157A43}.Debug|Any CPU.Build.0 = Debug|Any CPU
		{C2796F8D-8F8D-4F4D-A9D8-FD36A6157A43}.Release|Any CPU.ActiveCfg = Release|Any CPU
		{C2796F8D-8F8D-4F4D-A9D8-FD36A6157A43}.Release|Any CPU.Build.0 = Release|Any CPU
		{4C62F178-DB68-436F-AEA5-304A041D937C}.Debug|Any CPU.ActiveCfg = Debug|Any CPU
		{4C62F178-DB68-436F-AEA5-304A041D937C}.Debug|Any CPU.Build.0 = Debug|Any CPU
		{4C62F178-DB68-436F-AEA5-304A041D937C}.Release|Any CPU.ActiveCfg = Release|Any CPU
		{4C62F178-DB68-436F-AEA5-304A041D937C}.Release|Any CPU.Build.0 = Release|Any CPU
		{095A7CBA-9BB8-4B5E-A034-EFD465F38D84}.Debug|Any CPU.ActiveCfg = Debug|Any CPU
		{095A7CBA-9BB8-4B5E-A034-EFD465F38D84}.Debug|Any CPU.Build.0 = Debug|Any CPU
		{095A7CBA-9BB8-4B5E-A034-EFD465F38D84}.Release|Any CPU.ActiveCfg = Release|Any CPU
		{095A7CBA-9BB8-4B5E-A034-EFD465F38D84}.Release|Any CPU.Build.0 = Release|Any CPU
		{82C886A2-D72C-4B3F-B3D8-7EEE16C7D4AA}.Debug|Any CPU.ActiveCfg = Debug|Any CPU
		{82C886A2-D72C-4B3F-B3D8-7EEE16C7D4AA}.Debug|Any CPU.Build.0 = Debug|Any CPU
		{82C886A2-D72C-4B3F-B3D8-7EEE16C7D4AA}.Release|Any CPU.ActiveCfg = Release|Any CPU
		{82C886A2-D72C-4B3F-B3D8-7EEE16C7D4AA}.Release|Any CPU.Build.0 = Release|Any CPU
		{2067721D-9BCE-4664-90B7-B99C81841762}.Debug|Any CPU.ActiveCfg = Debug|Any CPU
		{2067721D-9BCE-4664-90B7-B99C81841762}.Debug|Any CPU.Build.0 = Debug|Any CPU
		{2067721D-9BCE-4664-90B7-B99C81841762}.Release|Any CPU.ActiveCfg = Release|Any CPU
		{2067721D-9BCE-4664-90B7-B99C81841762}.Release|Any CPU.Build.0 = Release|Any CPU
		{B889A3F8-E5EA-44CB-A78B-51E6D01B7E9E}.Debug|Any CPU.ActiveCfg = Debug|Any CPU
		{B889A3F8-E5EA-44CB-A78B-51E6D01B7E9E}.Debug|Any CPU.Build.0 = Debug|Any CPU
		{B889A3F8-E5EA-44CB-A78B-51E6D01B7E9E}.Release|Any CPU.ActiveCfg = Release|Any CPU
		{B889A3F8-E5EA-44CB-A78B-51E6D01B7E9E}.Release|Any CPU.Build.0 = Release|Any CPU
		{B05CE593-B016-4D10-8FB3-0CA1068336FB}.Debug|Any CPU.ActiveCfg = Debug|Any CPU
		{B05CE593-B016-4D10-8FB3-0CA1068336FB}.Debug|Any CPU.Build.0 = Debug|Any CPU
		{B05CE593-B016-4D10-8FB3-0CA1068336FB}.Release|Any CPU.ActiveCfg = Release|Any CPU
		{B05CE593-B016-4D10-8FB3-0CA1068336FB}.Release|Any CPU.Build.0 = Release|Any CPU
		{311002A5-213A-4A9A-A23E-200ADA5E1606}.Debug|Any CPU.ActiveCfg = Debug|Any CPU
		{311002A5-213A-4A9A-A23E-200ADA5E1606}.Debug|Any CPU.Build.0 = Debug|Any CPU
		{311002A5-213A-4A9A-A23E-200ADA5E1606}.Release|Any CPU.ActiveCfg = Release|Any CPU
		{311002A5-213A-4A9A-A23E-200ADA5E1606}.Release|Any CPU.Build.0 = Release|Any CPU
		{8F46A991-E9AC-4343-8DD5-3F1F58E909B4}.Debug|Any CPU.ActiveCfg = Debug|Any CPU
		{8F46A991-E9AC-4343-8DD5-3F1F58E909B4}.Debug|Any CPU.Build.0 = Debug|Any CPU
		{8F46A991-E9AC-4343-8DD5-3F1F58E909B4}.Release|Any CPU.ActiveCfg = Release|Any CPU
		{8F46A991-E9AC-4343-8DD5-3F1F58E909B4}.Release|Any CPU.Build.0 = Release|Any CPU
		{AFB9C0B2-A818-4610-889A-7ABA09E78716}.Debug|Any CPU.ActiveCfg = Debug|Any CPU
		{AFB9C0B2-A818-4610-889A-7ABA09E78716}.Debug|Any CPU.Build.0 = Debug|Any CPU
		{AFB9C0B2-A818-4610-889A-7ABA09E78716}.Release|Any CPU.ActiveCfg = Release|Any CPU
		{AFB9C0B2-A818-4610-889A-7ABA09E78716}.Release|Any CPU.Build.0 = Release|Any CPU
		{B05BC6EE-8AE8-4B80-9C1A-FF93E6F15A78}.Debug|Any CPU.ActiveCfg = Debug|Any CPU
		{B05BC6EE-8AE8-4B80-9C1A-FF93E6F15A78}.Debug|Any CPU.Build.0 = Debug|Any CPU
		{B05BC6EE-8AE8-4B80-9C1A-FF93E6F15A78}.Release|Any CPU.ActiveCfg = Release|Any CPU
		{B05BC6EE-8AE8-4B80-9C1A-FF93E6F15A78}.Release|Any CPU.Build.0 = Release|Any CPU
		{4D1157C4-C011-40BB-8767-38435CE49A7E}.Debug|Any CPU.ActiveCfg = Debug|Any CPU
		{4D1157C4-C011-40BB-8767-38435CE49A7E}.Debug|Any CPU.Build.0 = Debug|Any CPU
		{4D1157C4-C011-40BB-8767-38435CE49A7E}.Release|Any CPU.ActiveCfg = Release|Any CPU
		{4D1157C4-C011-40BB-8767-38435CE49A7E}.Release|Any CPU.Build.0 = Release|Any CPU
		{C26935E8-CEE7-4364-B3F6-E78BA108C49A}.Debug|Any CPU.ActiveCfg = Debug|Any CPU
		{C26935E8-CEE7-4364-B3F6-E78BA108C49A}.Debug|Any CPU.Build.0 = Debug|Any CPU
		{C26935E8-CEE7-4364-B3F6-E78BA108C49A}.Release|Any CPU.ActiveCfg = Release|Any CPU
		{C26935E8-CEE7-4364-B3F6-E78BA108C49A}.Release|Any CPU.Build.0 = Release|Any CPU
		{F656E2AB-0FBE-4ABC-95D0-3D68ACF0BB71}.Debug|Any CPU.ActiveCfg = Debug|Any CPU
		{F656E2AB-0FBE-4ABC-95D0-3D68ACF0BB71}.Debug|Any CPU.Build.0 = Debug|Any CPU
		{F656E2AB-0FBE-4ABC-95D0-3D68ACF0BB71}.Release|Any CPU.ActiveCfg = Release|Any CPU
		{F656E2AB-0FBE-4ABC-95D0-3D68ACF0BB71}.Release|Any CPU.Build.0 = Release|Any CPU
		{7A04DC11-D78A-4534-B914-80E96001B3D9}.Debug|Any CPU.ActiveCfg = Debug|Any CPU
		{7A04DC11-D78A-4534-B914-80E96001B3D9}.Debug|Any CPU.Build.0 = Debug|Any CPU
		{7A04DC11-D78A-4534-B914-80E96001B3D9}.Release|Any CPU.ActiveCfg = Release|Any CPU
		{7A04DC11-D78A-4534-B914-80E96001B3D9}.Release|Any CPU.Build.0 = Release|Any CPU
		{040A1069-139C-4831-BEE4-D6F190E231D1}.Debug|Any CPU.ActiveCfg = Debug|Any CPU
		{040A1069-139C-4831-BEE4-D6F190E231D1}.Debug|Any CPU.Build.0 = Debug|Any CPU
		{040A1069-139C-4831-BEE4-D6F190E231D1}.Release|Any CPU.ActiveCfg = Release|Any CPU
		{040A1069-139C-4831-BEE4-D6F190E231D1}.Release|Any CPU.Build.0 = Release|Any CPU
	EndGlobalSection
	GlobalSection(SolutionProperties) = preSolution
		HideSolutionNode = FALSE
	EndGlobalSection
	GlobalSection(ExtensibilityGlobals) = postSolution
		SolutionGuid = {A8B73BDB-3179-4BAC-9190-6C1BC73A31C4}
	EndGlobalSection
EndGlobal
